
Microsoft Visual Studio Solution File, Format Version 12.00
# Visual Studio 15
VisualStudioVersion = 15.0.28307.705
MinimumVisualStudioVersion = 10.0.40219.1
Project("{FAE04EC0-301F-11D3-BF4B-00C04F79EFBC}") = "PX.ObjectsExt.SurveyMonkey", "PX.ObjectsExt.SurveyMonkey\PX.ObjectsExt.SurveyMonkey.csproj", "{1DF22EA4-6C22-46C1-90D1-42E61D0E4CE1}"
EndProject
Project("{FAE04EC0-301F-11D3-BF4B-00C04F79EFBC}") = "PX.SurveyMonkeyReader", "PX.SurveyMonkeyReader\PX.SurveyMonkeyReader.csproj", "{B387BFF5-E7CB-4283-BD32-627B0109A41F}"
EndProject
Global
	GlobalSection(SolutionConfigurationPlatforms) = preSolution
		Debug|Any CPU = Debug|Any CPU
		Release|Any CPU = Release|Any CPU
	EndGlobalSection
	GlobalSection(ProjectConfigurationPlatforms) = postSolution
		{1DF22EA4-6C22-46C1-90D1-42E61D0E4CE1}.Debug|Any CPU.ActiveCfg = Debug|Any CPU
		{1DF22EA4-6C22-46C1-90D1-42E61D0E4CE1}.Debug|Any CPU.Build.0 = Debug|Any CPU
		{1DF22EA4-6C22-46C1-90D1-42E61D0E4CE1}.Release|Any CPU.ActiveCfg = Release|Any CPU
		{1DF22EA4-6C22-46C1-90D1-42E61D0E4CE1}.Release|Any CPU.Build.0 = Release|Any CPU
		{B387BFF5-E7CB-4283-BD32-627B0109A41F}.Debug|Any CPU.ActiveCfg = Debug|Any CPU
		{B387BFF5-E7CB-4283-BD32-627B0109A41F}.Debug|Any CPU.Build.0 = Debug|Any CPU
		{B387BFF5-E7CB-4283-BD32-627B0109A41F}.Release|Any CPU.ActiveCfg = Release|Any CPU
		{B387BFF5-E7CB-4283-BD32-627B0109A41F}.Release|Any CPU.Build.0 = Release|Any CPU
	EndGlobalSection
	GlobalSection(SolutionProperties) = preSolution
		HideSolutionNode = FALSE
	EndGlobalSection
EndGlobal
